
Microsoft Visual Studio Solution File, Format Version 12.00
# Visual Studio Version 16
VisualStudioVersion = 16.0.33927.289
MinimumVisualStudioVersion = 10.0.40219.1
Project("{2150E333-8FDC-42A3-9474-1A3956D46DE8}") = "Task0", "Task0", "{7E5E7CFC-01E9-4B98-B2E8-638E3554792E}"
EndProject
Project("{FAE04EC0-301F-11D3-BF4B-00C04F79EFBC}") = "Tyuiu.ElizarovKI.Sprint0.Task0.V0", "Tyuiu.ElizarovKI.Sprint0.Task0.V0\Tyuiu.ElizarovKI.Sprint0.Task0.V0.csproj", "{8612F683-AFC7-4314-A36E-71FB9A6C5BA7}"
EndProject
Project("{2150E333-8FDC-42A3-9474-1A3956D46DE8}") = "Task1", "Task1", "{B8774FA1-5228-4E5D-843C-BACF964318D0}"
EndProject
Project("{FAE04EC0-301F-11D3-BF4B-00C04F79EFBC}") = "Tyuiu.ElizarovKI.Sprint0.Task1.V0", "Tyuiu.ElizarovKI.Sprint0.Task1.V0\Tyuiu.ElizarovKI.Sprint0.Task1.V0.csproj", "{EFD785C1-04CF-4B1B-9577-5969B3260116}"
EndProject
Project("{2150E333-8FDC-42A3-9474-1A3956D46DE8}") = "Task2", "Task2", "{CF919267-FFED-4935-9B4E-9B5A7359FB98}"
EndProject
Project("{FAE04EC0-301F-11D3-BF4B-00C04F79EFBC}") = "Tyuiu.ElizarovKI.Sprint0.Task2.V0", "Tyuiu.ElizarovKI.Sprint0.Task2.V0\Tyuiu.ElizarovKI.Sprint0.Task2.V0.csproj", "{780CD3B3-5EEE-46CB-8576-2DBEEEE0F467}"
EndProject
Project("{FAE04EC0-301F-11D3-BF4B-00C04F79EFBC}") = "Tyuiu.ElizarovKI.Sprint0.Task2.V0.Lib", "Tyuiu.ElizarovKI.Sprint0.Task2.V0.Lib\Tyuiu.ElizarovKI.Sprint0.Task2.V0.Lib.csproj", "{EBEB6473-6A47-4C7D-BF0A-B30300A53186}"
EndProject
Project("{FAE04EC0-301F-11D3-BF4B-00C04F79EFBC}") = "Tyuiu.ElizarovKI.Sprint0.Task2.V0.Test", "Tyuiu.ElizarovKI.Sprint0.Task2.V0.Test\Tyuiu.ElizarovKI.Sprint0.Task2.V0.Test.csproj", "{81F92465-BB1C-4128-B3E3-435EA7CDE115}"
EndProject
Project("{2150E333-8FDC-42A3-9474-1A3956D46DE8}") = "Task3", "Task3", "{7B4768D9-3319-407D-87B6-E76123A6CEDC}"
EndProject
Project("{FAE04EC0-301F-11D3-BF4B-00C04F79EFBC}") = "Tyuiu.ElizarovKI.Sprint0.Task3.V0", "Tyuiu.ElizarovKI.Sprint0.Task3.V0\Tyuiu.ElizarovKI.Sprint0.Task3.V0.csproj", "{FE2B4C85-C0B7-4413-A563-9951FF7DD886}"
EndProject
Project("{FAE04EC0-301F-11D3-BF4B-00C04F79EFBC}") = "Tyuiu.ElizarovKI.Sprint0.Task3.V0.Lib", "Tyuiu.ElizarovKI.Sprint0.Task3.V0.Lib\Tyuiu.ElizarovKI.Sprint0.Task3.V0.Lib.csproj", "{3998BE5E-46F3-46A2-AE8F-49C14F7DCB42}"
EndProject
Project("{FAE04EC0-301F-11D3-BF4B-00C04F79EFBC}") = "Tyuiu.ElizarovKI.Sprint0.Task3.V0.Test", "Tyuiu.ElizarovKI.Sprint0.Task3.V0.Test\Tyuiu.ElizarovKI.Sprint0.Task3.V0.Test.csproj", "{C8CFF9B2-4A79-407B-ABF4-4C9F81583E61}"
EndProject
Global
	GlobalSection(SolutionConfigurationPlatforms) = preSolution
		Debug|Any CPU = Debug|Any CPU
		Release|Any CPU = Release|Any CPU
	EndGlobalSection
	GlobalSection(ProjectConfigurationPlatforms) = postSolution
		{8612F683-AFC7-4314-A36E-71FB9A6C5BA7}.Debug|Any CPU.ActiveCfg = Debug|Any CPU
		{8612F683-AFC7-4314-A36E-71FB9A6C5BA7}.Debug|Any CPU.Build.0 = Debug|Any CPU
		{8612F683-AFC7-4314-A36E-71FB9A6C5BA7}.Release|Any CPU.ActiveCfg = Release|Any CPU
		{8612F683-AFC7-4314-A36E-71FB9A6C5BA7}.Release|Any CPU.Build.0 = Release|Any CPU
		{EFD785C1-04CF-4B1B-9577-5969B3260116}.Debug|Any CPU.ActiveCfg = Debug|Any CPU
		{EFD785C1-04CF-4B1B-9577-5969B3260116}.Debug|Any CPU.Build.0 = Debug|Any CPU
		{EFD785C1-04CF-4B1B-9577-5969B3260116}.Release|Any CPU.ActiveCfg = Release|Any CPU
		{EFD785C1-04CF-4B1B-9577-5969B3260116}.Release|Any CPU.Build.0 = Release|Any CPU
		{780CD3B3-5EEE-46CB-8576-2DBEEEE0F467}.Debug|Any CPU.ActiveCfg = Debug|Any CPU
		{780CD3B3-5EEE-46CB-8576-2DBEEEE0F467}.Debug|Any CPU.Build.0 = Debug|Any CPU
		{780CD3B3-5EEE-46CB-8576-2DBEEEE0F467}.Release|Any CPU.ActiveCfg = Release|Any CPU
		{780CD3B3-5EEE-46CB-8576-2DBEEEE0F467}.Release|Any CPU.Build.0 = Release|Any CPU
		{EBEB6473-6A47-4C7D-BF0A-B30300A53186}.Debug|Any CPU.ActiveCfg = Debug|Any CPU
		{EBEB6473-6A47-4C7D-BF0A-B30300A53186}.Debug|Any CPU.Build.0 = Debug|Any CPU
		{EBEB6473-6A47-4C7D-BF0A-B30300A53186}.Release|Any CPU.ActiveCfg = Release|Any CPU
		{EBEB6473-6A47-4C7D-BF0A-B30300A53186}.Release|Any CPU.Build.0 = Release|Any CPU
		{81F92465-BB1C-4128-B3E3-435EA7CDE115}.Debug|Any CPU.ActiveCfg = Debug|Any CPU
		{81F92465-BB1C-4128-B3E3-435EA7CDE115}.Debug|Any CPU.Build.0 = Debug|Any CPU
		{81F92465-BB1C-4128-B3E3-435EA7CDE115}.Release|Any CPU.ActiveCfg = Release|Any CPU
		{81F92465-BB1C-4128-B3E3-435EA7CDE115}.Release|Any CPU.Build.0 = Release|Any CPU
		{FE2B4C85-C0B7-4413-A563-9951FF7DD886}.Debug|Any CPU.ActiveCfg = Debug|Any CPU
		{FE2B4C85-C0B7-4413-A563-9951FF7DD886}.Debug|Any CPU.Build.0 = Debug|Any CPU
		{FE2B4C85-C0B7-4413-A563-9951FF7DD886}.Release|Any CPU.ActiveCfg = Release|Any CPU
		{FE2B4C85-C0B7-4413-A563-9951FF7DD886}.Release|Any CPU.Build.0 = Release|Any CPU
		{3998BE5E-46F3-46A2-AE8F-49C14F7DCB42}.Debug|Any CPU.ActiveCfg = Debug|Any CPU
		{3998BE5E-46F3-46A2-AE8F-49C14F7DCB42}.Debug|Any CPU.Build.0 = Debug|Any CPU
		{3998BE5E-46F3-46A2-AE8F-49C14F7DCB42}.Release|Any CPU.ActiveCfg = Release|Any CPU
		{3998BE5E-46F3-46A2-AE8F-49C14F7DCB42}.Release|Any CPU.Build.0 = Release|Any CPU
		{C8CFF9B2-4A79-407B-ABF4-4C9F81583E61}.Debug|Any CPU.ActiveCfg = Debug|Any CPU
		{C8CFF9B2-4A79-407B-ABF4-4C9F81583E61}.Debug|Any CPU.Build.0 = Debug|Any CPU
		{C8CFF9B2-4A79-407B-ABF4-4C9F81583E61}.Release|Any CPU.ActiveCfg = Release|Any CPU
		{C8CFF9B2-4A79-407B-ABF4-4C9F81583E61}.Release|Any CPU.Build.0 = Release|Any CPU
	EndGlobalSection
	GlobalSection(SolutionProperties) = preSolution
		HideSolutionNode = FALSE
	EndGlobalSection
	GlobalSection(NestedProjects) = preSolution
		{8612F683-AFC7-4314-A36E-71FB9A6C5BA7} = {7E5E7CFC-01E9-4B98-B2E8-638E3554792E}
		{EFD785C1-04CF-4B1B-9577-5969B3260116} = {B8774FA1-5228-4E5D-843C-BACF964318D0}
		{780CD3B3-5EEE-46CB-8576-2DBEEEE0F467} = {CF919267-FFED-4935-9B4E-9B5A7359FB98}
		{EBEB6473-6A47-4C7D-BF0A-B30300A53186} = {CF919267-FFED-4935-9B4E-9B5A7359FB98}
		{81F92465-BB1C-4128-B3E3-435EA7CDE115} = {CF919267-FFED-4935-9B4E-9B5A7359FB98}
		{FE2B4C85-C0B7-4413-A563-9951FF7DD886} = {7B4768D9-3319-407D-87B6-E76123A6CEDC}
		{3998BE5E-46F3-46A2-AE8F-49C14F7DCB42} = {7B4768D9-3319-407D-87B6-E76123A6CEDC}
		{C8CFF9B2-4A79-407B-ABF4-4C9F81583E61} = {7B4768D9-3319-407D-87B6-E76123A6CEDC}
	EndGlobalSection
	GlobalSection(ExtensibilityGlobals) = postSolution
		SolutionGuid = {2C5F06F8-6489-4588-A4A8-630A6FFF0F18}
	EndGlobalSection
EndGlobal
